{
  "requires": true,
  "lockfileVersion": 1,
  "dependencies": {
    "@ngx-translate/http-loader": {
      "version": "6.0.0",
      "resolved": "https://registry.npmjs.org/@ngx-translate/http-loader/-/http-loader-6.0.0.tgz",
      "integrity": "sha512-LCekn6qCbeXWlhESCxU1rAbZz33WzDG0lI7Ig0pYC1o5YxJWrkU9y3Y4tNi+jakQ7R6YhTR2D3ox6APxDtA0wA==",
      "requires": {
        "tslib": "^2.0.0"
      }
    },
    "tslib": {
      "version": "2.1.0",
      "resolved": "https://registry.npmjs.org/tslib/-/tslib-2.1.0.tgz",
      "integrity": "sha512-hcVC3wYEziELGGmEEXue7D75zbwIIVUMWAVbHItGPx0ziyXxrOMQx4rQEVEV45Ut/1IotuEvwqPopzIOkDMf0A=="
    }
  }
}
